<?xml version="1.0" encoding="utf-8"?>
<Project ToolsVersion="4.0" xmlns="http://schemas.microsoft.com/developer/msbuild/2003">
  <ItemGroup>
    <Filter Include="CLI">
      <UniqueIdentifier>{a9f9bb5c-572b-4b2e-a816-da1c44221cac}</UniqueIdentifier>
    </Filter>
    <Filter Include="Source">
      <UniqueIdentifier>{664b3525-606b-4aaa-b5ce-95080b114fb3}</UniqueIdentifier>
    </Filter>
    <Filter Include="Source\Container">
      <UniqueIdentifier>{bf590b1f-e010-4c18-b32c-2eb2ea2accdf}</UniqueIdentifier>
    </Filter>
    <Filter Include="Source\Model">
      <UniqueIdentifier>{0f0b46c5-01ee-4c53-b3ea-1a6939b4434b}</UniqueIdentifier>
    </Filter>
    <Filter Include="Source\Model\Mesh">
      <UniqueIdentifier>{9180b65b-423c-4b98-9783-2cfdc526cfa0}</UniqueIdentifier>
    </Filter>
    <Filter Include="Source\File">
      <UniqueIdentifier>{9085ad71-3824-42e7-b46f-7ca0ad64e182}</UniqueIdentifier>
    </Filter>
    <Filter Include="Source\Helper">
      <UniqueIdentifier>{f9a8bdad-5752-40f0-a5da-33f8c0dc80cb}</UniqueIdentifier>
    </Filter>
    <Filter Include="Wrapper">
      <UniqueIdentifier>{792135d2-898a-4814-b82b-424a45bfcff6}</UniqueIdentifier>
    </Filter>
    <Filter Include="Include">
      <UniqueIdentifier>{680ff92a-108c-4cdc-9979-80b019780104}</UniqueIdentifier>
    </Filter>
    <Filter Include="Include\Crc32C">
      <UniqueIdentifier>{1283ea64-901d-482d-a98e-82d4bb640ddd}</UniqueIdentifier>
    </Filter>
    <Filter Include="Source\Model\Serializer">
      <UniqueIdentifier>{cc874759-45bd-4d7f-8171-2a1c670c892f}</UniqueIdentifier>
    </Filter>
    <Filter Include="Source\Model\SkinModel">
      <UniqueIdentifier>{b39a7549-7b30-4fff-ac46-209a628d30e8}</UniqueIdentifier>
    </Filter>
    <Filter Include="Source\Model\Mesh\Blendshapes">
      <UniqueIdentifier>{31b8ff0f-dd7e-4e0f-b8cb-4ae1ecb7b874}</UniqueIdentifier>
    </Filter>
    <Filter Include="Source\Model\Mesh\Structs">
      <UniqueIdentifier>{b2b1f75f-86ec-4ab2-a00d-ff674e2fa528}</UniqueIdentifier>
    </Filter>
    <Filter Include="Source\Model\Mesh\GE">
      <UniqueIdentifier>{7bd60cde-8355-4772-ad3c-ee04cc9c0996}</UniqueIdentifier>
    </Filter>
    <Filter Include="MikkT">
      <UniqueIdentifier>{2e33cb2d-f266-4e9e-a0e3-9b18a37f4beb}</UniqueIdentifier>
    </Filter>
  </ItemGroup>
  <ItemGroup>
    <ClInclude Include="src\modelfile.h">
      <Filter>Source\Container</Filter>
    </ClInclude>
    <ClInclude Include="src\skinmodel.h">
      <Filter>Source\Model\SkinModel</Filter>
    </ClInclude>
    <ClInclude Include="src\skinmodelpoly.h">
      <Filter>Source\Model\SkinModel</Filter>
    </ClInclude>
    <ClInclude Include="src\dll\pch.h">
      <Filter>Wrapper</Filter>
    </ClInclude>
    <ClInclude Include="src\dll\framework.h">
      <Filter>Wrapper</Filter>
    </ClInclude>
    <ClInclude Include="src\dll\interfaceskinmodel.h">
      <Filter>Wrapper</Filter>
    </ClInclude>
    <ClInclude Include="src\dll\interface_serialize.h">
      <Filter>Wrapper</Filter>
    </ClInclude>
    <ClInclude Include="src\cmodelserializer.h">
      <Filter>Source\Model\Serializer</Filter>
    </ClInclude>
    <ClInclude Include="src\cmodelserializer_ver.h">
      <Filter>Source\Model\Serializer</Filter>
    </ClInclude>
    <ClInclude Include="include\BinaryIO.h">
      <Filter>Include</Filter>
    </ClInclude>
    <ClInclude Include="src\wavefront.h">
      <Filter>Include</Filter>
    </ClInclude>
    <ClInclude Include="include\crc32c\crc32c.h">
      <Filter>Include\Crc32C</Filter>
    </ClInclude>
    <ClInclude Include="src\cmeshserializer.h">
      <Filter>Source\Model\Serializer</Filter>
    </ClInclude>
    <ClInclude Include="src\meshencoder.h">
      <Filter>Source\Model\Serializer</Filter>
    </ClInclude>
    <ClInclude Include="src\meshbuffers.h">
      <Filter>Source\Model\Mesh\GE</Filter>
    </ClInclude>
    <ClInclude Include="src\blendshapes.h">
      <Filter>Source\Model\Mesh\Blendshapes</Filter>
    </ClInclude>
    <ClInclude Include="src\meshshapes_serialize.h">
      <Filter>Source\Model\Mesh\Blendshapes</Filter>
    </ClInclude>
    <ClInclude Include="src\meshtags.h">
      <Filter>Source\Model\Mesh\Structs</Filter>
    </ClInclude>
    <ClInclude Include="src\modelcereal.h">
      <Filter>Source\Model\SkinModel</Filter>
    </ClInclude>
    <ClInclude Include="src\meshstructs.h">
      <Filter>Source\Model\Mesh\Structs</Filter>
    </ClInclude>
    <ClInclude Include="src\common.h">
      <Filter>Source\File</Filter>
    </ClInclude>
    <ClInclude Include="include\hash.h">
      <Filter>Include</Filter>
    </ClInclude>
    <ClInclude Include="include\mikktspace.h">
      <Filter>Include</Filter>
    </ClInclude>
    <ClInclude Include="MikkGen.h">
      <Filter>MikkT</Filter>
    </ClInclude>
    <ClInclude Include="blendshapes_legacy.h">
      <Filter>Source\Model\Mesh\Blendshapes</Filter>
    </ClInclude>
  </ItemGroup>
  <ItemGroup>
    <ClCompile Include="src\main.cpp">
      <Filter>CLI</Filter>
    </ClCompile>
    <ClCompile Include="src\modelfile.cpp">
      <Filter>Source\Container</Filter>
    </ClCompile>
    <ClCompile Include="src\skinmodel.cpp">
      <Filter>Source\Model\SkinModel</Filter>
    </ClCompile>
    <ClCompile Include="src\skinmodelpoly.cpp">
      <Filter>Source\Model\SkinModel</Filter>
    </ClCompile>
    <ClCompile Include="src\dll\pch.cpp">
      <Filter>Wrapper</Filter>
    </ClCompile>
    <ClCompile Include="src\dll\interfaceskinmodel.cpp">
      <Filter>Wrapper</Filter>
    </ClCompile>
    <ClCompile Include="src\dll\dllmain.cpp">
      <Filter>Wrapper</Filter>
    </ClCompile>
    <ClCompile Include="src\dll\interface_serialize.cpp">
      <Filter>Wrapper</Filter>
    </ClCompile>
    <ClCompile Include="src\cmodelserializer.cpp">
      <Filter>Source\Model\Serializer</Filter>
    </ClCompile>
    <ClCompile Include="src\cmodelserializer_ver.cpp">
      <Filter>Source\Model\Serializer</Filter>
    </ClCompile>
    <ClCompile Include="include\BinaryIO.cpp">
      <Filter>Include</Filter>
    </ClCompile>
    <ClCompile Include="src\wavefront.cpp">
      <Filter>Include</Filter>
    </ClCompile>
    <ClCompile Include="src\cmeshserializer.cpp">
      <Filter>Source\Model\Serializer</Filter>
    </ClCompile>
    <ClCompile Include="src\meshencoder.cpp">
      <Filter>Source\Model\Serializer</Filter>
    </ClCompile>
    <ClCompile Include="src\meshbuffers.cpp">
      <Filter>Source\Model\Mesh\GE</Filter>
    </ClCompile>
    <ClCompile Include="src\blendshapes.cpp">
      <Filter>Source\Model\Mesh\Blendshapes</Filter>
    </ClCompile>
    <ClCompile Include="src\meshshapes_serialize.cpp">
      <Filter>Source\Model\Mesh\Blendshapes</Filter>
    </ClCompile>
    <ClCompile Include="src\modelcereal.cpp">
      <Filter>Source\Model\SkinModel</Filter>
    </ClCompile>
    <ClCompile Include="src\meshstructs.cpp">
      <Filter>Source\Model\Mesh\Structs</Filter>
    </ClCompile>
    <ClCompile Include="src\common.cpp">
      <Filter>Source\File</Filter>
    </ClCompile>
    <ClCompile Include="include\hash.cpp">
      <Filter>Include</Filter>
    </ClCompile>
    <ClCompile Include="tangents.cpp">
      <Filter>Source\Model\Mesh\GE</Filter>
    </ClCompile>
    <ClCompile Include="include\mikktspace.c">
      <Filter>Include</Filter>
    </ClCompile>
    <ClCompile Include="MikkGen.cpp">
      <Filter>MikkT</Filter>
    </ClCompile>
    <ClCompile Include="blendshapes_legacy.cpp">
      <Filter>Source\Model\Mesh\Blendshapes</Filter>
    </ClCompile>
  </ItemGroup>
  <ItemGroup>
    <None Include="include\VCModel">
      <Filter>Source\Helper</Filter>
    </None>
  </ItemGroup>
</Project>